
Microsoft Visual Studio Solution File, Format Version 12.00
# Visual Studio Version 17
VisualStudioVersion = 17.5.33627.172
MinimumVisualStudioVersion = 10.0.40219.1
Project("{9A19103F-16F7-4668-BE54-9A1E7A4F7556}") = "MVCFirstApp", "MVCFirstApp\MVCFirstApp.csproj", "{20841369-FC86-425A-A643-BFADC15F0C9C}"
EndProject
Project("{9A19103F-16F7-4668-BE54-9A1E7A4F7556}") = "RazorFirstApp", "RazorFirstApp\RazorFirstApp.csproj", "{425072B3-69A7-4528-9D3A-8C3811A543E5}"
EndProject
Project("{FAE04EC0-301F-11D3-BF4B-00C04F79EFBC}") = "MVCFirstApp.DataAcces", "MVCFirstApp.DataAcces\MVCFirstApp.DataAcces.csproj", "{C39EC1C2-407A-4CBA-B688-755F2DFCF8C1}"
EndProject
Project("{FAE04EC0-301F-11D3-BF4B-00C04F79EFBC}") = "MVCFirstApp.Utility", "MVCFirstApp.Utility\MVCFirstApp.Utility.csproj", "{2B8D9C38-D209-4D53-ABE3-990AE7705759}"
EndProject
Project("{FAE04EC0-301F-11D3-BF4B-00C04F79EFBC}") = "MVCFirstApp.Models", "MVCFirstApp.Models\MVCFirstApp.Models.csproj", "{3B3D5038-6C4F-49AD-B934-92C6658216F6}"
EndProject
Global
	GlobalSection(SolutionConfigurationPlatforms) = preSolution
		Debug|Any CPU = Debug|Any CPU
		Release|Any CPU = Release|Any CPU
	EndGlobalSection
	GlobalSection(ProjectConfigurationPlatforms) = postSolution
		{20841369-FC86-425A-A643-BFADC15F0C9C}.Debug|Any CPU.ActiveCfg = Debug|Any CPU
		{20841369-FC86-425A-A643-BFADC15F0C9C}.Debug|Any CPU.Build.0 = Debug|Any CPU
		{20841369-FC86-425A-A643-BFADC15F0C9C}.Release|Any CPU.ActiveCfg = Release|Any CPU
		{20841369-FC86-425A-A643-BFADC15F0C9C}.Release|Any CPU.Build.0 = Release|Any CPU
		{425072B3-69A7-4528-9D3A-8C3811A543E5}.Debug|Any CPU.ActiveCfg = Debug|Any CPU
		{425072B3-69A7-4528-9D3A-8C3811A543E5}.Debug|Any CPU.Build.0 = Debug|Any CPU
		{425072B3-69A7-4528-9D3A-8C3811A543E5}.Release|Any CPU.ActiveCfg = Release|Any CPU
		{425072B3-69A7-4528-9D3A-8C3811A543E5}.Release|Any CPU.Build.0 = Release|Any CPU
		{C39EC1C2-407A-4CBA-B688-755F2DFCF8C1}.Debug|Any CPU.ActiveCfg = Debug|Any CPU
		{C39EC1C2-407A-4CBA-B688-755F2DFCF8C1}.Debug|Any CPU.Build.0 = Debug|Any CPU
		{C39EC1C2-407A-4CBA-B688-755F2DFCF8C1}.Release|Any CPU.ActiveCfg = Release|Any CPU
		{C39EC1C2-407A-4CBA-B688-755F2DFCF8C1}.Release|Any CPU.Build.0 = Release|Any CPU
		{2B8D9C38-D209-4D53-ABE3-990AE7705759}.Debug|Any CPU.ActiveCfg = Debug|Any CPU
		{2B8D9C38-D209-4D53-ABE3-990AE7705759}.Debug|Any CPU.Build.0 = Debug|Any CPU
		{2B8D9C38-D209-4D53-ABE3-990AE7705759}.Release|Any CPU.ActiveCfg = Release|Any CPU
		{2B8D9C38-D209-4D53-ABE3-990AE7705759}.Release|Any CPU.Build.0 = Release|Any CPU
		{3B3D5038-6C4F-49AD-B934-92C6658216F6}.Debug|Any CPU.ActiveCfg = Debug|Any CPU
		{3B3D5038-6C4F-49AD-B934-92C6658216F6}.Debug|Any CPU.Build.0 = Debug|Any CPU
		{3B3D5038-6C4F-49AD-B934-92C6658216F6}.Release|Any CPU.ActiveCfg = Release|Any CPU
		{3B3D5038-6C4F-49AD-B934-92C6658216F6}.Release|Any CPU.Build.0 = Release|Any CPU
	EndGlobalSection
	GlobalSection(SolutionProperties) = preSolution
		HideSolutionNode = FALSE
	EndGlobalSection
	GlobalSection(ExtensibilityGlobals) = postSolution
		SolutionGuid = {0B0DA20F-F287-495E-A447-E55AE8A65580}
	EndGlobalSection
EndGlobal
